
Microsoft Visual Studio Solution File, Format Version 12.00
# Visual Studio Version 16
VisualStudioVersion = 16.0.810.22
MinimumVisualStudioVersion = 10.0.40219.1
Project("{FAE04EC0-301F-11D3-BF4B-00C04F79EFBC}") = "Bash", "Bash\Bash.csproj", "{7C25F0FD-B2EE-4DDC-8ABD-D5D8C2F92E27}"
EndProject
Project("{FAE04EC0-301F-11D3-BF4B-00C04F79EFBC}") = "BashTests", "BashTests\BashTests.csproj", "{EB788CD1-C03F-4EE7-810D-3312082C6023}"
EndProject
Global
	GlobalSection(SolutionConfigurationPlatforms) = preSolution
		Debug|Any CPU = Debug|Any CPU
		Release|Any CPU = Release|Any CPU
	EndGlobalSection
	GlobalSection(ProjectConfigurationPlatforms) = postSolution
		{7C25F0FD-B2EE-4DDC-8ABD-D5D8C2F92E27}.Debug|Any CPU.ActiveCfg = Debug|Any CPU
		{7C25F0FD-B2EE-4DDC-8ABD-D5D8C2F92E27}.Debug|Any CPU.Build.0 = Debug|Any CPU
		{7C25F0FD-B2EE-4DDC-8ABD-D5D8C2F92E27}.Release|Any CPU.ActiveCfg = Release|Any CPU
		{7C25F0FD-B2EE-4DDC-8ABD-D5D8C2F92E27}.Release|Any CPU.Build.0 = Release|Any CPU
		{EB788CD1-C03F-4EE7-810D-3312082C6023}.Debug|Any CPU.ActiveCfg = Debug|Any CPU
		{EB788CD1-C03F-4EE7-810D-3312082C6023}.Debug|Any CPU.Build.0 = Debug|Any CPU
		{EB788CD1-C03F-4EE7-810D-3312082C6023}.Release|Any CPU.ActiveCfg = Release|Any CPU
		{EB788CD1-C03F-4EE7-810D-3312082C6023}.Release|Any CPU.Build.0 = Release|Any CPU
	EndGlobalSection
	GlobalSection(SolutionProperties) = preSolution
		HideSolutionNode = FALSE
	EndGlobalSection
	GlobalSection(ExtensibilityGlobals) = postSolution
		SolutionGuid = {7A6FC22E-EC5A-4D05-8C55-197F8F318224}
	EndGlobalSection
EndGlobal
